schema: '2.0'
stages:
  data_ingestion:
    cmd: python src/data_ingestion.py
    deps:
    - path: src/data_ingestion.py
      hash: md5
      md5: af93dd53d9736fdf90d0f00409cecb21
      size: 3414
    params:
      params.yaml:
        data_ingestion.test_size: 0.15
    outs:
    - path: data/raw
      hash: md5
      md5: 200dc6271b6d749a847f494b6894c8eb.dir
      size: 479272
      nfiles: 2
  pre_processing:
    cmd: python src/pre_processing.py
    deps:
    - path: data/raw
      hash: md5
      md5: 200dc6271b6d749a847f494b6894c8eb.dir
      size: 479272
      nfiles: 2
    - path: src/pre_processing.py
      hash: md5
      md5: da91dbb9824596262fc5cff5cc402700
      size: 3739
    outs:
    - path: data/interim
      hash: md5
      md5: 5a09c6cf2fe8256555852d2f39ac22e9.dir
      size: 253920
      nfiles: 2
  feature_engineering:
    cmd: python src/feature_engineering.py
    deps:
    - path: data/interim
      hash: md5
      md5: 5a09c6cf2fe8256555852d2f39ac22e9.dir
      size: 253920
      nfiles: 2
    - path: src/feature_engineering.py
      hash: md5
      md5: 03617e0bef9832dcce3ff3670760bd2a
      size: 3767
    params:
      params.yaml:
        feature_engineering.max_features: 45
    outs:
    - path: data/processed
      hash: md5
      md5: 1e3910c48c80196b0a81182bac385cab.dir
      size: 1057224
      nfiles: 2
  model_training:
    cmd: python src/model_training.py
    deps:
    - path: data/processed
      hash: md5
      md5: 1e3910c48c80196b0a81182bac385cab.dir
      size: 1057224
      nfiles: 2
    - path: src/model_training.py
      hash: md5
      md5: 34a84be13803ea93c4121d4372d6495a
      size: 4173
    params:
      params.yaml:
        model_training.n_estimators: 20
        model_training.random_state: 2
    outs:
    - path: models/model.pkl
      hash: md5
      md5: 899a8630cc1ade538b2537a8f7c7174b
      size: 812695
  model_evaluation:
    cmd: python src/model_evaluation.py
    deps:
    - path: models/model.pkl
      hash: md5
      md5: 899a8630cc1ade538b2537a8f7c7174b
      size: 812695
    - path: src/model_evaluation.py
      hash: md5
      md5: 6e1c50e934bf706a8f9db33c955e0d93
      size: 3391
    outs:
    - path: reports/metrics.json
      hash: md5
      md5: 00ef81b8a7000e953750365b6739857b
      size: 125
